// !$*UTF8*$!
{
	archiveVersion = 1;
	classes = {
	};
	objectVersion = 50;
	objects = {

/* Begin PBXBuildFile section */
		00BF6692241D595D00FB0FDF /* AppDelegate.swift in Sources */ = {isa = PBXBuildFile; fileRef = 00BF6691241D595D00FB0FDF /* AppDelegate.swift */; };
		00BF6694241D595D00FB0FDF /* SceneDelegate.swift in Sources */ = {isa = PBXBuildFile; fileRef = 00BF6693241D595D00FB0FDF /* SceneDelegate.swift */; };
		00BF669C241D595D00FB0FDF /* SkillBox14.xcdatamodeld in Sources */ = {isa = PBXBuildFile; fileRef = 00BF669A241D595D00FB0FDF /* SkillBox14.xcdatamodeld */; };
		00BF669E241D595F00FB0FDF /* Assets.xcassets in Resources */ = {isa = PBXBuildFile; fileRef = 00BF669D241D595F00FB0FDF /* Assets.xcassets */; };
		00BF66A1241D595F00FB0FDF /* LaunchScreen.storyboard in Resources */ = {isa = PBXBuildFile; fileRef = 00BF669F241D595F00FB0FDF /* LaunchScreen.storyboard */; };
		00BF66B7241D5C7E00FB0FDF /* HourCell.swift in Sources */ = {isa = PBXBuildFile; fileRef = 00BF66B5241D5C7E00FB0FDF /* HourCell.swift */; };
		00BF66B8241D5C7E00FB0FDF /* DateCell.swift in Sources */ = {isa = PBXBuildFile; fileRef = 00BF66B6241D5C7E00FB0FDF /* DateCell.swift */; };
		00BF66BA241D5C9100FB0FDF /* ViewController.swift in Sources */ = {isa = PBXBuildFile; fileRef = 00BF66B9241D5C9100FB0FDF /* ViewController.swift */; };
		00BF66BC241D5C9800FB0FDF /* Weather.swift in Sources */ = {isa = PBXBuildFile; fileRef = 00BF66BB241D5C9800FB0FDF /* Weather.swift */; };
		00BF66BE241D5CA100FB0FDF /* Main.storyboard in Resources */ = {isa = PBXBuildFile; fileRef = 00BF66BD241D5CA100FB0FDF /* Main.storyboard */; };
/* End PBXBuildFile section */

/* Begin PBXFileReference section */
		00BF668E241D595D00FB0FDF /* SkillBox14.app */ = {isa = PBXFileReference; explicitFileType = wrapper.application; includeInIndex = 0; path = SkillBox14.app; sourceTree = BUILT_PRODUCTS_DIR; };
		00BF6691241D595D00FB0FDF /* AppDelegate.swift */ = {isa = PBXFileReference; lastKnownFileType = sourcecode.swift; path = AppDelegate.swift; sourceTree = "<group>"; };
		00BF6693241D595D00FB0FDF /* SceneDelegate.swift */ = {isa = PBXFileReference; lastKnownFileType = sourcecode.swift; path = SceneDelegate.swift; sourceTree = "<group>"; };
		00BF669B241D595D00FB0FDF /* SkillBox14.xcdatamodel */ = {isa = PBXFileReference; lastKnownFileType = wrapper.xcdatamodel; path = SkillBox14.xcdatamodel; sourceTree = "<group>"; };
		00BF669D241D595F00FB0FDF /* Assets.xcassets */ = {isa = PBXFileReference; lastKnownFileType = folder.assetcatalog; path = Assets.xcassets; sourceTree = "<group>"; };
		00BF66A0241D595F00FB0FDF /* Base */ = {isa = PBXFileReference; lastKnownFileType = file.storyboard; name = Base; path = Base.lproj/LaunchScreen.storyboard; sourceTree = "<group>"; };
		00BF66A2241D595F00FB0FDF /* Info.plist */ = {isa = PBXFileReference; lastKnownFileType = text.plist.xml; path = Info.plist; sourceTree = "<group>"; };
		00BF66B5241D5C7E00FB0FDF /* HourCell.swift */ = {isa = PBXFileReference; fileEncoding = 4; lastKnownFileType = sourcecode.swift; path = HourCell.swift; sourceTree = "<group>"; };
		00BF66B6241D5C7E00FB0FDF /* DateCell.swift */ = {isa = PBXFileReference; fileEncoding = 4; lastKnownFileType = sourcecode.swift; path = DateCell.swift; sourceTree = "<group>"; };
		00BF66B9241D5C9100FB0FDF /* ViewController.swift */ = {isa = PBXFileReference; fileEncoding = 4; lastKnownFileType = sourcecode.swift; path = ViewController.swift; sourceTree = "<group>"; };
		00BF66BB241D5C9800FB0FDF /* Weather.swift */ = {isa = PBXFileReference; fileEncoding = 4; lastKnownFileType = sourcecode.swift; path = Weather.swift; sourceTree = "<group>"; };
		00BF66BD241D5CA100FB0FDF /* Main.storyboard */ = {isa = PBXFileReference; fileEncoding = 4; lastKnownFileType = file.storyboard; path = Main.storyboard; sourceTree = "<group>"; };
/* End PBXFileReference section */

/* Begin PBXFrameworksBuildPhase section */
		00BF668B241D595D00FB0FDF /* Frameworks */ = {
			isa = PBXFrameworksBuildPhase;
			buildActionMask = 2147483647;
			files = (
			);
			runOnlyForDeploymentPostprocessing = 0;
		};
/* End PBXFrameworksBuildPhase section */

/* Begin PBXGroup section */
		00BF6685241D595D00FB0FDF = {
			isa = PBXGroup;
			children = (
				00BF6690241D595D00FB0FDF /* SkillBox14 */,
				00BF668F241D595D00FB0FDF /* Products */,
			);
			sourceTree = "<group>";
		};
		00BF668F241D595D00FB0FDF /* Products */ = {
			isa = PBXGroup;
			children = (
				00BF668E241D595D00FB0FDF /* SkillBox14.app */,
			);
			name = Products;
			sourceTree = "<group>";
		};
		00BF6690241D595D00FB0FDF /* SkillBox14 */ = {
			isa = PBXGroup;
			children = (
				00BF6691241D595D00FB0FDF /* AppDelegate.swift */,
				00BF6693241D595D00FB0FDF /* SceneDelegate.swift */,
				00BF66B6241D5C7E00FB0FDF /* DateCell.swift */,
				00BF66B5241D5C7E00FB0FDF /* HourCell.swift */,
				00BF66B9241D5C9100FB0FDF /* ViewController.swift */,
				00BF66BB241D5C9800FB0FDF /* Weather.swift */,
				00BF66BD241D5CA100FB0FDF /* Main.storyboard */,
				00BF669D241D595F00FB0FDF /* Assets.xcassets */,
				00BF669F241D595F00FB0FDF /* LaunchScreen.storyboard */,
				00BF66A2241D595F00FB0FDF /* Info.plist */,
				00BF669A241D595D00FB0FDF /* SkillBox14.xcdatamodeld */,
			);
			path = SkillBox14;
			sourceTree = "<group>";
		};
/* End PBXGroup section */

/* Begin PBXNativeTarget section */
		00BF668D241D595D00FB0FDF /* SkillBox14 */ = {
			isa = PBXNativeTarget;
			buildConfigurationList = 00BF66A5241D595F00FB0FDF /* Build configuration list for PBXNativeTarget "SkillBox14" */;
			buildPhases = (
				00BF668A241D595D00FB0FDF /* Sources */,
				00BF668B241D595D00FB0FDF /* Frameworks */,
				00BF668C241D595D00FB0FDF /* Resources */,
			);
			buildRules = (
			);
			dependencies = (
			);
			name = SkillBox14;
			productName = SkillBox14;
			productReference = 00BF668E241D595D00FB0FDF /* SkillBox14.app */;
			productType = "com.apple.product-type.application";
		};
/* End PBXNativeTarget section */

/* Begin PBXProject section */
		00BF6686241D595D00FB0FDF /* Project object */ = {
			isa = PBXProject;
			attributes = {
				LastSwiftUpdateCheck = 1130;
				LastUpgradeCheck = 1130;
				ORGANIZATIONNAME = itsec;
				TargetAttributes = {
					00BF668D241D595D00FB0FDF = {
						CreatedOnToolsVersion = 11.3.1;
					};
				};
			};
			buildConfigurationList = 00BF6689241D595D00FB0FDF /* Build configuration list for PBXProject "SkillBox14" */;
			compatibilityVersion = "Xcode 9.3";
			developmentRegion = en;
			hasScannedForEncodings = 0;
			knownRegions = (
				en,
				Base,
			);
			mainGroup = 00BF6685241D595D00FB0FDF;
			productRefGroup = 00BF668F241D595D00FB0FDF /* Products */;
			projectDirPath = "";
			projectRoot = "";
			targets = (
				00BF668D241D595D00FB0FDF /* SkillBox14 */,
			);
		};
/* End PBXProject section */

/* Begin PBXResourcesBuildPhase section */
		00BF668C241D595D00FB0FDF /* Resources */ = {
			isa = PBXResourcesBuildPhase;
			buildActionMask = 2147483647;
			files = (
				00BF66BE241D5CA100FB0FDF /* Main.storyboard in Resources */,
				00BF66A1241D595F00FB0FDF /* LaunchScreen.storyboard in Resources */,
				00BF669E241D595F00FB0FDF /* Assets.xcassets in Resources */,
			);
			runOnlyForDeploymentPostprocessing = 0;
		};
/* End PBXResourcesBuildPhase section */

/* Begin PBXSourcesBuildPhase section */
		00BF668A241D595D00FB0FDF /* Sources */ = {
			isa = PBXSourcesBuildPhase;
			buildActionMask = 2147483647;
			files = (
				00BF66BA241D5C9100FB0FDF /* ViewController.swift in Sources */,
				00BF669C241D595D00FB0FDF /* SkillBox14.xcdatamodeld in Sources */,
				00BF66B8241D5C7E00FB0FDF /* DateCell.swift in Sources */,
				00BF6692241D595D00FB0FDF /* AppDelegate.swift in Sources */,
				00BF6694241D595D00FB0FDF /* SceneDelegate.swift in Sources */,
				00BF66B7241D5C7E00FB0FDF /* HourCell.swift in Sources */,
				00BF66BC241D5C9800FB0FDF /* Weather.swift in Sources */,
			);
			runOnlyForDeploymentPostprocessing = 0;
		};
/* End PBXSourcesBuildPhase section */

/* Begin PBXVariantGroup section */
		00BF669F241D595F00FB0FDF /* LaunchScreen.storyboard */ = {
			isa = PBXVariantGroup;
			children = (
				00BF66A0241D595F00FB0FDF /* Base */,
			);
			name = LaunchScreen.storyboard;
			sourceTree = "<group>";
		};
/* End PBXVariantGroup section */

/* Begin XCBuildConfiguration section */
		00BF66A3241D595F00FB0FDF /* Debug */ = {
			isa = XCBuildConfiguration;
			buildSettings = {
				ALWAYS_SEARCH_USER_PATHS = NO;
				CLANG_ANALYZER_NONNULL = YES;
				CLANG_ANALYZER_NUMBER_OBJECT_CONVERSION = YES_AGGRESSIVE;
				CLANG_CXX_LANGUAGE_STANDARD = "gnu++14";
				CLANG_CXX_LIBRARY = "libc++";
				CLANG_ENABLE_MODULES = YES;
				CLANG_ENABLE_OBJC_ARC = YES;
				CLANG_ENABLE_OBJC_WEAK = YES;
				CLANG_WARN_BLOCK_CAPTURE_AUTORELEASING = YES;
				CLANG_WARN_BOOL_CONVERSION = YES;
				CLANG_WARN_COMMA = YES;
				CLANG_WARN_CONSTANT_CONVERSION = YES;
				CLANG_WARN_DEPRECATED_OBJC_IMPLEMENTATIONS = YES;
				CLANG_WARN_DIRECT_OBJC_ISA_USAGE = YES_ERROR;
				CLANG_WARN_DOCUMENTATION_COMMENTS = YES;
				CLANG_WARN_EMPTY_BODY = YES;
				CLANG_WARN_ENUM_CONVERSION = YES;
				CLANG_WARN_INFINITE_RECURSION = YES;
				CLANG_WARN_INT_CONVERSION = YES;
				CLANG_WARN_NON_LITERAL_NULL_CONVERSION = YES;
				CLANG_WARN_OBJC_IMPLICIT_RETAIN_SELF = YES;
				CLANG_WARN_OBJC_LITERAL_CONVERSION = YES;
				CLANG_WARN_OBJC_ROOT_CLASS = YES_ERROR;
				CLANG_WARN_RANGE_LOOP_ANALYSIS = YES;
				CLANG_WARN_STRICT_PROTOTYPES = YES;
				CLANG_WARN_SUSPICIOUS_MOVE = YES;
				CLANG_WARN_UNGUARDED_AVAILABILITY = YES_AGGRESSIVE;
				CLANG_WARN_UNREACHABLE_CODE = YES;
				CLANG_WARN__DUPLICATE_METHOD_MATCH = YES;
				COPY_PHASE_STRIP = NO;
				DEBUG_INFORMATION_FORMAT = dwarf;
				ENABLE_STRICT_OBJC_MSGSEND = YES;
				ENABLE_TESTABILITY = YES;
				GCC_C_LANGUAGE_STANDARD = gnu11;
				GCC_DYNAMIC_NO_PIC = NO;
				GCC_NO_COMMON_BLOCKS = YES;
				GCC_OPTIMIZATION_LEVEL = 0;
				GCC_PREPROCESSOR_DEFINITIONS = (
					"DEBUG=1",
					"$(inherited)",
				);
				GCC_WARN_64_TO_32_BIT_CONVERSION = YES;
				GCC_WARN_ABOUT_RETURN_TYPE = YES_ERROR;
				GCC_WARN_UNDECLARED_SELECTOR = YES;
				GCC_WARN_UNINITIALIZED_AUTOS = YES_AGGRESSIVE;
				GCC_WARN_UNUSED_FUNCTION = YES;
				GCC_WARN_UNUSED_VARIABLE = YES;
				IPHONEOS_DEPLOYMENT_TARGET = 13.2;
				MTL_ENABLE_DEBUG_INFO = INCLUDE_SOURCE;
				MTL_FAST_MATH = YES;
				ONLY_ACTIVE_ARCH = YES;
				SDKROOT = iphoneos;
				SWIFT_ACTIVE_COMPILATION_CONDITIONS = DEBUG;
				SWIFT_OPTIMIZATION_LEVEL = "-Onone";
			};
			name = Debug;
		};
		00BF66A4241D595F00FB0FDF /* Release */ = {
			isa = XCBuildConfiguration;
			buildSettings = {
				ALWAYS_SEARCH_USER_PATHS = NO;
				CLANG_ANALYZER_NONNULL = YES;
				CLANG_ANALYZER_NUMBER_OBJECT_CONVERSION = YES_AGGRESSIVE;
				CLANG_CXX_LANGUAGE_STANDARD = "gnu++14";
				CLANG_CXX_LIBRARY = "libc++";
				CLANG_ENABLE_MODULES = YES;
				CLANG_ENABLE_OBJC_ARC = YES;
				CLANG_ENABLE_OBJC_WEAK = YES;
				CLANG_WARN_BLOCK_CAPTURE_AUTORELEASING = YES;
				CLANG_WARN_BOOL_CONVERSION = YES;
				CLANG_WARN_COMMA = YES;
				CLANG_WARN_CONSTANT_CONVERSION = YES;
				CLANG_WARN_DEPRECATED_OBJC_IMPLEMENTATIONS = YES;
				CLANG_WARN_DIRECT_OBJC_ISA_USAGE = YES_ERROR;
				CLANG_WARN_DOCUMENTATION_COMMENTS = YES;
				CLANG_WARN_EMPTY_BODY = YES;
				CLANG_WARN_ENUM_CONVERSION = YES;
				CLANG_WARN_INFINITE_RECURSION = YES;
				CLANG_WARN_INT_CONVERSION = YES;
				CLANG_WARN_NON_LITERAL_NULL_CONVERSION = YES;
				CLANG_WARN_OBJC_IMPLICIT_RETAIN_SELF = YES;
				CLANG_WARN_OBJC_LITERAL_CONVERSION = YES;
				CLANG_WARN_OBJC_ROOT_CLASS = YES_ERROR;
				CLANG_WARN_RANGE_LOOP_ANALYSIS = YES;
				CLANG_WARN_STRICT_PROTOTYPES = YES;
				CLANG_WARN_SUSPICIOUS_MOVE = YES;
				CLANG_WARN_UNGUARDED_AVAILABILITY = YES_AGGRESSIVE;
				CLANG_WARN_UNREACHABLE_CODE = YES;
				CLANG_WARN__DUPLICATE_METHOD_MATCH = YES;
				COPY_PHASE_STRIP = NO;
				DEBUG_INFORMATION_FORMAT = "dwarf-with-dsym";
				ENABLE_NS_ASSERTIONS = NO;
				ENABLE_STRICT_OBJC_MSGSEND = YES;
				GCC_C_LANGUAGE_STANDARD = gnu11;
				GCC_NO_COMMON_BLOCKS = YES;
				GCC_WARN_64_TO_32_BIT_CONVERSION = YES;
				GCC_WARN_ABOUT_RETURN_TYPE = YES_ERROR;
				GCC_WARN_UNDECLARED_SELECTOR = YES;
				GCC_WARN_UNINITIALIZED_AUTOS = YES_AGGRESSIVE;
				GCC_WARN_UNUSED_FUNCTION = YES;
				GCC_WARN_UNUSED_VARIABLE = YES;
				IPHONEOS_DEPLOYMENT_TARGET = 13.2;
				MTL_ENABLE_DEBUG_INFO = NO;
				MTL_FAST_MATH = YES;
				SDKROOT = iphoneos;
				SWIFT_COMPILATION_MODE = wholemodule;
				SWIFT_OPTIMIZATION_LEVEL = "-O";
				VALIDATE_PRODUCT = YES;
			};
			name = Release;
		};
		00BF66A6241D595F00FB0FDF /* Debug */ = {
			isa = XCBuildConfiguration;
			buildSettings = {
				ASSETCATALOG_COMPILER_APPICON_NAME = AppIcon;
				CODE_SIGN_STYLE = Automatic;
				DEVELOPMENT_TEAM = YZD25NMN3T;
				INFOPLIST_FILE = SkillBox14/Info.plist;
				LD_RUNPATH_SEARCH_PATHS = (
					"$(inherited)",
					"@executable_path/Frameworks",
				);
				PRODUCT_BUNDLE_IDENTIFIER = itsec.SkillBox14;
				PRODUCT_NAME = "$(TARGET_NAME)";
				SWIFT_VERSION = 5.0;
				TARGETED_DEVICE_FAMILY = "1,2";
			};
			name = Debug;
		};
		00BF66A7241D595F00FB0FDF /* Release */ = {
			isa = XCBuildConfiguration;
			buildSettings = {
				ASSETCATALOG_COMPILER_APPICON_NAME = AppIcon;
				CODE_SIGN_STYLE = Automatic;
				DEVELOPMENT_TEAM = YZD25NMN3T;
				INFOPLIST_FILE = SkillBox14/Info.plist;
				LD_RUNPATH_SEARCH_PATHS = (
					"$(inherited)",
					"@executable_path/Frameworks",
				);
				PRODUCT_BUNDLE_IDENTIFIER = itsec.SkillBox14;
				PRODUCT_NAME = "$(TARGET_NAME)";
				SWIFT_VERSION = 5.0;
				TARGETED_DEVICE_FAMILY = "1,2";
			};
			name = Release;
		};
/* End XCBuildConfiguration section */

/* Begin XCConfigurationList section */
		00BF6689241D595D00FB0FDF /* Build configuration list for PBXProject "SkillBox14" */ = {
			isa = XCConfigurationList;
			buildConfigurations = (
				00BF66A3241D595F00FB0FDF /* Debug */,
				00BF66A4241D595F00FB0FDF /* Release */,
			);
			defaultConfigurationIsVisible = 0;
			defaultConfigurationName = Release;
		};
		00BF66A5241D595F00FB0FDF /* Build configuration list for PBXNativeTarget "SkillBox14" */ = {
			isa = XCConfigurationList;
			buildConfigurations = (
				00BF66A6241D595F00FB0FDF /* Debug */,
				00BF66A7241D595F00FB0FDF /* Release */,
			);
			defaultConfigurationIsVisible = 0;
			defaultConfigurationName = Release;
		};
/* End XCConfigurationList section */

/* Begin XCVersionGroup section */
		00BF669A241D595D00FB0FDF /* SkillBox14.xcdatamodeld */ = {
			isa = XCVersionGroup;
			children = (
				00BF669B241D595D00FB0FDF /* SkillBox14.xcdatamodel */,
			);
			currentVersion = 00BF669B241D595D00FB0FDF /* SkillBox14.xcdatamodel */;
			path = SkillBox14.xcdatamodeld;
			sourceTree = "<group>";
			versionGroupType = wrapper.xcdatamodel;
		};
/* End XCVersionGroup section */
	};
	rootObject = 00BF6686241D595D00FB0FDF /* Project object */;
}
